{
  "version": 4,
  "terraform_version": "1.2.4",
  "serial": 185,
  "lineage": "c1d9b10d-c18e-5e8e-de2b-972240f0190e",
  "outputs": {
    "output_name": {
      "value": "Content for Output Block",
      "type": "string"
    }
  },
  "resources": [
    {
      "mode": "managed",
      "type": "local_file",
      "name": "Myfile3",
      "provider": "provider[\"registry.terraform.io/hashicorp/local\"]",
      "instances": [
        {
          "schema_version": 0,
          "attributes": {
            "content": "This content is form String Varibale",
            "content_base64": null,
            "directory_permission": "0777",
            "file_permission": "0777",
            "filename": "String.txt",
            "id": "717599da30439432eb689e97d4435b6fd1bf113d",
            "sensitive_content": null,
            "source": null
          },
          "sensitive_attributes": [],
          "private": "bnVsbA=="
        }
      ]
    },
    {
      "mode": "managed",
      "type": "local_file",
      "name": "Myfile6",
      "provider": "provider[\"registry.terraform.io/hashicorp/local\"]",
      "instances": [
        {
          "schema_version": 0,
          "attributes": {
            "content": "78948542658",
            "content_base64": null,
            "directory_permission": "0777",
            "file_permission": "0777",
            "filename": "objectsfile.txt",
            "id": "28cdb45a13182eafc7074e40573939be407b89c4",
            "sensitive_content": null,
            "source": null
          },
          "sensitive_attributes": [],
          "private": "bnVsbA=="
        }
      ]
    },
    {
      "mode": "managed",
      "type": "local_file",
      "name": "myfile",
      "provider": "provider[\"registry.terraform.io/hashicorp/local\"]",
      "instances": [
        {
          "schema_version": 0,
          "attributes": {
            "content": "Hello my name is Yusuf and I am creating this Terraform Project amd this content is written form locals",
            "content_base64": null,
            "directory_permission": "0777",
            "file_permission": "0777",
            "filename": "Locals.txt",
            "id": "18df0e25349a96e301a7ed5f3eb72808daa2c025",
            "sensitive_content": null,
            "source": null
          },
          "sensitive_attributes": [],
          "private": "bnVsbA=="
        }
      ]
    },
    {
      "mode": "managed",
      "type": "local_file",
      "name": "myfile2",
      "provider": "provider[\"registry.terraform.io/hashicorp/local\"]",
      "instances": [
        {
          "schema_version": 0,
          "attributes": {
            "content": "1234",
            "content_base64": null,
            "directory_permission": "0777",
            "file_permission": "0777",
            "filename": "Numberfile.txt",
            "id": "7110eda4d09e062aa5e4a390b0a572ac0d2c0220",
            "sensitive_content": null,
            "source": null
          },
          "sensitive_attributes": [],
          "private": "bnVsbA=="
        }
      ]
    },
    {
      "mode": "managed",
      "type": "local_file",
      "name": "myfile4",
      "provider": "provider[\"registry.terraform.io/hashicorp/local\"]",
      "instances": [
        {
          "schema_version": 0,
          "attributes": {
            "content": "Hello this content is Passed from the List",
            "content_base64": null,
            "directory_permission": "0777",
            "file_permission": "0777",
            "filename": "Yusuf1.txt",
            "id": "81f666862ebbd279bc0c835fcdb0acf566a13fbe",
            "sensitive_content": null,
            "source": null
          },
          "sensitive_attributes": [],
          "private": "bnVsbA=="
        }
      ]
    },
    {
      "mode": "managed",
      "type": "local_file",
      "name": "myfile5",
      "provider": "provider[\"registry.terraform.io/hashicorp/local\"]",
      "instances": [
        {
          "schema_version": 0,
          "attributes": {
            "content": "This content is passed by the variable for Map",
            "content_base64": null,
            "directory_permission": "0777",
            "file_permission": "0777",
            "filename": "Mapfile.txt",
            "id": "ebf132eec61723737f59153c6fd40d832f2f67e6",
            "sensitive_content": null,
            "source": null
          },
          "sensitive_attributes": [],
          "private": "bnVsbA=="
        }
      ]
    },
    {
      "mode": "managed",
      "type": "local_file",
      "name": "myfile7",
      "provider": "provider[\"registry.terraform.io/hashicorp/local\"]",
      "instances": [
        {
          "schema_version": 0,
          "attributes": {
            "content": "this is  the content passing from tfvars file",
            "content_base64": null,
            "directory_permission": "0777",
            "file_permission": "0777",
            "filename": "Tfvarsfile.txt",
            "id": "686be6cd713a1fa17199ff4b123841af4d397c0e",
            "sensitive_content": null,
            "source": null
          },
          "sensitive_attributes": [],
          "private": "bnVsbA=="
        }
      ]
    },
    {
      "mode": "managed",
      "type": "local_file",
      "name": "myfile9",
      "provider": "provider[\"registry.terraform.io/hashicorp/local\"]",
      "instances": [
        {
          "schema_version": 0,
          "attributes": {
            "content": "Content for Output Block",
            "content_base64": null,
            "directory_permission": "0777",
            "file_permission": "0777",
            "filename": "Output.txt",
            "id": "26576be5cf3322baff0668ef0f75dae4ee62f2a8",
            "sensitive_content": null,
            "source": null
          },
          "sensitive_attributes": [],
          "private": "bnVsbA=="
        }
      ]
    },
    {
      "mode": "managed",
      "type": "local_file",
      "name": "randomfile",
      "provider": "provider[\"registry.terraform.io/hashicorp/local\"]",
      "instances": [
        {
          "schema_version": 0,
          "attributes": {
            "content": "99081c83a410d049f245d9e4",
            "content_base64": null,
            "directory_permission": "0777",
            "file_permission": "0777",
            "filename": "Random.txt",
            "id": "ecf62462bd35b373b5fca27043635457b1082a8a",
            "sensitive_content": null,
            "source": null
          },
          "sensitive_attributes": [],
          "private": "bnVsbA==",
          "dependencies": [
            "random_id.content1"
          ]
        }
      ]
    },
    {
      "mode": "managed",
      "type": "random_id",
      "name": "content1",
      "provider": "provider[\"registry.terraform.io/hashicorp/random\"]",
      "instances": [
        {
          "schema_version": 0,
          "attributes": {
            "b64_std": "mQgcg6QQ0EnyRdnk",
            "b64_url": "mQgcg6QQ0EnyRdnk",
            "byte_length": 12,
            "dec": "47361012563829884592169802212",
            "hex": "99081c83a410d049f245d9e4",
            "id": "mQgcg6QQ0EnyRdnk",
            "keepers": null,
            "prefix": null
          },
          "sensitive_attributes": [],
          "private": "bnVsbA=="
        }
      ]
    }
  ]
}
